<?xml version="1.0" encoding="UTF-8"?>
<Scheme
   version = "1.3">
   <BuildAction>
      <BuildActionEntries>
         <BuildActionEntry
            buildForRunning = "YES">
            <BuildableReference
               BuildableIdentifier = "primary"
               BlueprintIdentifier = "8326B007176E228300483B7E"
               BuildableName = "TransitDataImport.app"
               BlueprintName = "TransitDataImport"
               ReferencedContainer = "container:TransitDataImport.xcodeproj">
            </BuildableReference>
         </BuildActionEntry>
      </BuildActionEntries>
   </BuildAction>
   <LaunchAction
      useCustomWorkingDirectory = "NO"
      buildConfiguration = "Debug">
      <BuildableProductRunnable>
         <BuildableReference
            BuildableIdentifier = "primary"
            BlueprintIdentifier = "8326B007176E228300483B7E"
            BuildableName = "TransitDataImport.app"
            BlueprintName = "TransitDataImport"
            ReferencedContainer = "container:TransitDataImport.xcodeproj">
         </BuildableReference>
      </BuildableProductRunnable>
   </LaunchAction>
</Scheme>
